
Microsoft Visual Studio Solution File, Format Version 12.00
# Visual Studio Version 17
VisualStudioVersion = 17.3.32901.215
MinimumVisualStudioVersion = 10.0.40219.1
Project("{8BC9CEB8-8B4A-11D0-8D11-00A0C91BC942}") = "dz_.31.10", "dz_.31.10\dz_.31.10.vcxproj", "{1DD2B505-937B-4C59-9ABC-5C705661CD6C}"
EndProject
Global
	GlobalSection(SolutionConfigurationPlatforms) = preSolution
		Debug|x64 = Debug|x64
		Debug|x86 = Debug|x86
		Release|x64 = Release|x64
		Release|x86 = Release|x86
	EndGlobalSection
	GlobalSection(ProjectConfigurationPlatforms) = postSolution
		{1DD2B505-937B-4C59-9ABC-5C705661CD6C}.Debug|x64.ActiveCfg = Debug|x64
		{1DD2B505-937B-4C59-9ABC-5C705661CD6C}.Debug|x64.Build.0 = Debug|x64
		{1DD2B505-937B-4C59-9ABC-5C705661CD6C}.Debug|x86.ActiveCfg = Debug|Win32
		{1DD2B505-937B-4C59-9ABC-5C705661CD6C}.Debug|x86.Build.0 = Debug|Win32
		{1DD2B505-937B-4C59-9ABC-5C705661CD6C}.Release|x64.ActiveCfg = Release|x64
		{1DD2B505-937B-4C59-9ABC-5C705661CD6C}.Release|x64.Build.0 = Release|x64
		{1DD2B505-937B-4C59-9ABC-5C705661CD6C}.Release|x86.ActiveCfg = Release|Win32
		{1DD2B505-937B-4C59-9ABC-5C705661CD6C}.Release|x86.Build.0 = Release|Win32
	EndGlobalSection
	GlobalSection(SolutionProperties) = preSolution
		HideSolutionNode = FALSE
	EndGlobalSection
	GlobalSection(ExtensibilityGlobals) = postSolution
		SolutionGuid = {681E1909-7766-40F9-BFA5-E95BF8E5AA96}
	EndGlobalSection
EndGlobal
